// !$*UTF8*$!
{
	archiveVersion = 1;
	classes = {
	};
	objectVersion = 50;
	objects = {

/* Begin PBXBuildFile section */
		E3560EAC261360FC00326B66 /* AppDelegate.m in Sources */ = {isa = PBXBuildFile; fileRef = E3560EAB261360FC00326B66 /* AppDelegate.m */; };
		E3560EAF261360FC00326B66 /* SceneDelegate.m in Sources */ = {isa = PBXBuildFile; fileRef = E3560EAE261360FC00326B66 /* SceneDelegate.m */; };
		E3560EB2261360FC00326B66 /* ViewController.m in Sources */ = {isa = PBXBuildFile; fileRef = E3560EB1261360FC00326B66 /* ViewController.m */; };
		E3560EB5261360FC00326B66 /* Main.storyboard in Resources */ = {isa = PBXBuildFile; fileRef = E3560EB3261360FC00326B66 /* Main.storyboard */; };
		E3560EB7261360FE00326B66 /* Assets.xcassets in Resources */ = {isa = PBXBuildFile; fileRef = E3560EB6261360FE00326B66 /* Assets.xcassets */; };
		E3560EBA261360FE00326B66 /* LaunchScreen.storyboard in Resources */ = {isa = PBXBuildFile; fileRef = E3560EB8261360FE00326B66 /* LaunchScreen.storyboard */; };
		E3560EBD261360FE00326B66 /* main.m in Sources */ = {isa = PBXBuildFile; fileRef = E3560EBC261360FE00326B66 /* main.m */; };
		E3560EC7261360FE00326B66 /* YHCustomViewTests.m in Sources */ = {isa = PBXBuildFile; fileRef = E3560EC6261360FE00326B66 /* YHCustomViewTests.m */; };
		E3560ED2261360FE00326B66 /* YHCustomViewUITests.m in Sources */ = {isa = PBXBuildFile; fileRef = E3560ED1261360FE00326B66 /* YHCustomViewUITests.m */; };
		E3560EE82613616C00326B66 /* YHCustomView.m in Sources */ = {isa = PBXBuildFile; fileRef = E3560EE72613616C00326B66 /* YHCustomView.m */; };
/* End PBXBuildFile section */

/* Begin PBXContainerItemProxy section */
		E3560EC3261360FE00326B66 /* PBXContainerItemProxy */ = {
			isa = PBXContainerItemProxy;
			containerPortal = E3560E9F261360FC00326B66 /* Project object */;
			proxyType = 1;
			remoteGlobalIDString = E3560EA6261360FC00326B66;
			remoteInfo = YHCustomView;
		};
		E3560ECE261360FE00326B66 /* PBXContainerItemProxy */ = {
			isa = PBXContainerItemProxy;
			containerPortal = E3560E9F261360FC00326B66 /* Project object */;
			proxyType = 1;
			remoteGlobalIDString = E3560EA6261360FC00326B66;
			remoteInfo = YHCustomView;
		};
/* End PBXContainerItemProxy section */

/* Begin PBXFileReference section */
		E3560EA7261360FC00326B66 /* YHCustomView.app */ = {isa = PBXFileReference; explicitFileType = wrapper.application; includeInIndex = 0; path = YHCustomView.app; sourceTree = BUILT_PRODUCTS_DIR; };
		E3560EAA261360FC00326B66 /* AppDelegate.h */ = {isa = PBXFileReference; lastKnownFileType = sourcecode.c.h; path = AppDelegate.h; sourceTree = "<group>"; };
		E3560EAB261360FC00326B66 /* AppDelegate.m */ = {isa = PBXFileReference; lastKnownFileType = sourcecode.c.objc; path = AppDelegate.m; sourceTree = "<group>"; };
		E3560EAD261360FC00326B66 /* SceneDelegate.h */ = {isa = PBXFileReference; lastKnownFileType = sourcecode.c.h; path = SceneDelegate.h; sourceTree = "<group>"; };
		E3560EAE261360FC00326B66 /* SceneDelegate.m */ = {isa = PBXFileReference; lastKnownFileType = sourcecode.c.objc; path = SceneDelegate.m; sourceTree = "<group>"; };
		E3560EB0261360FC00326B66 /* ViewController.h */ = {isa = PBXFileReference; lastKnownFileType = sourcecode.c.h; path = ViewController.h; sourceTree = "<group>"; };
		E3560EB1261360FC00326B66 /* ViewController.m */ = {isa = PBXFileReference; lastKnownFileType = sourcecode.c.objc; path = ViewController.m; sourceTree = "<group>"; };
		E3560EB4261360FC00326B66 /* Base */ = {isa = PBXFileReference; lastKnownFileType = file.storyboard; name = Base; path = Base.lproj/Main.storyboard; sourceTree = "<group>"; };
		E3560EB6261360FE00326B66 /* Assets.xcassets */ = {isa = PBXFileReference; lastKnownFileType = folder.assetcatalog; path = Assets.xcassets; sourceTree = "<group>"; };
		E3560EB9261360FE00326B66 /* Base */ = {isa = PBXFileReference; lastKnownFileType = file.storyboard; name = Base; path = Base.lproj/LaunchScreen.storyboard; sourceTree = "<group>"; };
		E3560EBB261360FE00326B66 /* Info.plist */ = {isa = PBXFileReference; lastKnownFileType = text.plist.xml; path = Info.plist; sourceTree = "<group>"; };
		E3560EBC261360FE00326B66 /* main.m */ = {isa = PBXFileReference; lastKnownFileType = sourcecode.c.objc; path = main.m; sourceTree = "<group>"; };
		E3560EC2261360FE00326B66 /* YHCustomViewTests.xctest */ = {isa = PBXFileReference; explicitFileType = wrapper.cfbundle; includeInIndex = 0; path = YHCustomViewTests.xctest; sourceTree = BUILT_PRODUCTS_DIR; };
		E3560EC6261360FE00326B66 /* YHCustomViewTests.m */ = {isa = PBXFileReference; lastKnownFileType = sourcecode.c.objc; path = YHCustomViewTests.m; sourceTree = "<group>"; };
		E3560EC8261360FE00326B66 /* Info.plist */ = {isa = PBXFileReference; lastKnownFileType = text.plist.xml; path = Info.plist; sourceTree = "<group>"; };
		E3560ECD261360FE00326B66 /* YHCustomViewUITests.xctest */ = {isa = PBXFileReference; explicitFileType = wrapper.cfbundle; includeInIndex = 0; path = YHCustomViewUITests.xctest; sourceTree = BUILT_PRODUCTS_DIR; };
		E3560ED1261360FE00326B66 /* YHCustomViewUITests.m */ = {isa = PBXFileReference; lastKnownFileType = sourcecode.c.objc; path = YHCustomViewUITests.m; sourceTree = "<group>"; };
		E3560ED3261360FE00326B66 /* Info.plist */ = {isa = PBXFileReference; lastKnownFileType = text.plist.xml; path = Info.plist; sourceTree = "<group>"; };
		E3560EE62613616C00326B66 /* YHCustomView.h */ = {isa = PBXFileReference; lastKnownFileType = sourcecode.c.h; path = YHCustomView.h; sourceTree = "<group>"; };
		E3560EE72613616C00326B66 /* YHCustomView.m */ = {isa = PBXFileReference; lastKnownFileType = sourcecode.c.objc; path = YHCustomView.m; sourceTree = "<group>"; };
/* End PBXFileReference section */

/* Begin PBXFrameworksBuildPhase section */
		E3560EA4261360FC00326B66 /* Frameworks */ = {
			isa = PBXFrameworksBuildPhase;
			buildActionMask = 2147483647;
			files = (
			);
			runOnlyForDeploymentPostprocessing = 0;
		};
		E3560EBF261360FE00326B66 /* Frameworks */ = {
			isa = PBXFrameworksBuildPhase;
			buildActionMask = 2147483647;
			files = (
			);
			runOnlyForDeploymentPostprocessing = 0;
		};
		E3560ECA261360FE00326B66 /* Frameworks */ = {
			isa = PBXFrameworksBuildPhase;
			buildActionMask = 2147483647;
			files = (
			);
			runOnlyForDeploymentPostprocessing = 0;
		};
/* End PBXFrameworksBuildPhase section */

/* Begin PBXGroup section */
		E3560E9E261360FC00326B66 = {
			isa = PBXGroup;
			children = (
				E3560EE52613615F00326B66 /* YHCustomView */,
				E3560EA9261360FC00326B66 /* YHCustomViewExample */,
				E3560EC5261360FE00326B66 /* YHCustomViewTests */,
				E3560ED0261360FE00326B66 /* YHCustomViewUITests */,
				E3560EA8261360FC00326B66 /* Products */,
			);
			sourceTree = "<group>";
		};
		E3560EA8261360FC00326B66 /* Products */ = {
			isa = PBXGroup;
			children = (
				E3560EA7261360FC00326B66 /* YHCustomView.app */,
				E3560EC2261360FE00326B66 /* YHCustomViewTests.xctest */,
				E3560ECD261360FE00326B66 /* YHCustomViewUITests.xctest */,
			);
			name = Products;
			sourceTree = "<group>";
		};
		E3560EA9261360FC00326B66 /* YHCustomViewExample */ = {
			isa = PBXGroup;
			children = (
				E3560EAA261360FC00326B66 /* AppDelegate.h */,
				E3560EAB261360FC00326B66 /* AppDelegate.m */,
				E3560EAD261360FC00326B66 /* SceneDelegate.h */,
				E3560EAE261360FC00326B66 /* SceneDelegate.m */,
				E3560EB0261360FC00326B66 /* ViewController.h */,
				E3560EB1261360FC00326B66 /* ViewController.m */,
				E3560EB3261360FC00326B66 /* Main.storyboard */,
				E3560EB6261360FE00326B66 /* Assets.xcassets */,
				E3560EB8261360FE00326B66 /* LaunchScreen.storyboard */,
				E3560EBB261360FE00326B66 /* Info.plist */,
				E3560EBC261360FE00326B66 /* main.m */,
			);
			path = YHCustomViewExample;
			sourceTree = "<group>";
		};
		E3560EC5261360FE00326B66 /* YHCustomViewTests */ = {
			isa = PBXGroup;
			children = (
				E3560EC6261360FE00326B66 /* YHCustomViewTests.m */,
				E3560EC8261360FE00326B66 /* Info.plist */,
			);
			path = YHCustomViewTests;
			sourceTree = "<group>";
		};
		E3560ED0261360FE00326B66 /* YHCustomViewUITests */ = {
			isa = PBXGroup;
			children = (
				E3560ED1261360FE00326B66 /* YHCustomViewUITests.m */,
				E3560ED3261360FE00326B66 /* Info.plist */,
			);
			path = YHCustomViewUITests;
			sourceTree = "<group>";
		};
		E3560EE52613615F00326B66 /* YHCustomView */ = {
			isa = PBXGroup;
			children = (
				E3560EE62613616C00326B66 /* YHCustomView.h */,
				E3560EE72613616C00326B66 /* YHCustomView.m */,
			);
			path = YHCustomView;
			sourceTree = "<group>";
		};
/* End PBXGroup section */

/* Begin PBXNativeTarget section */
		E3560EA6261360FC00326B66 /* YHCustomView */ = {
			isa = PBXNativeTarget;
			buildConfigurationList = E3560ED6261360FE00326B66 /* Build configuration list for PBXNativeTarget "YHCustomView" */;
			buildPhases = (
				E3560EA3261360FC00326B66 /* Sources */,
				E3560EA4261360FC00326B66 /* Frameworks */,
				E3560EA5261360FC00326B66 /* Resources */,
			);
			buildRules = (
			);
			dependencies = (
			);
			name = YHCustomView;
			productName = YHCustomView;
			productReference = E3560EA7261360FC00326B66 /* YHCustomView.app */;
			productType = "com.apple.product-type.application";
		};
		E3560EC1261360FE00326B66 /* YHCustomViewTests */ = {
			isa = PBXNativeTarget;
			buildConfigurationList = E3560ED9261360FE00326B66 /* Build configuration list for PBXNativeTarget "YHCustomViewTests" */;
			buildPhases = (
				E3560EBE261360FE00326B66 /* Sources */,
				E3560EBF261360FE00326B66 /* Frameworks */,
				E3560EC0261360FE00326B66 /* Resources */,
			);
			buildRules = (
			);
			dependencies = (
				E3560EC4261360FE00326B66 /* PBXTargetDependency */,
			);
			name = YHCustomViewTests;
			productName = YHCustomViewTests;
			productReference = E3560EC2261360FE00326B66 /* YHCustomViewTests.xctest */;
			productType = "com.apple.product-type.bundle.unit-test";
		};
		E3560ECC261360FE00326B66 /* YHCustomViewUITests */ = {
			isa = PBXNativeTarget;
			buildConfigurationList = E3560EDC261360FE00326B66 /* Build configuration list for PBXNativeTarget "YHCustomViewUITests" */;
			buildPhases = (
				E3560EC9261360FE00326B66 /* Sources */,
				E3560ECA261360FE00326B66 /* Frameworks */,
				E3560ECB261360FE00326B66 /* Resources */,
			);
			buildRules = (
			);
			dependencies = (
				E3560ECF261360FE00326B66 /* PBXTargetDependency */,
			);
			name = YHCustomViewUITests;
			productName = YHCustomViewUITests;
			productReference = E3560ECD261360FE00326B66 /* YHCustomViewUITests.xctest */;
			productType = "com.apple.product-type.bundle.ui-testing";
		};
/* End PBXNativeTarget section */

/* Begin PBXProject section */
		E3560E9F261360FC00326B66 /* Project object */ = {
			isa = PBXProject;
			attributes = {
				LastUpgradeCheck = 1240;
				TargetAttributes = {
					E3560EA6261360FC00326B66 = {
						CreatedOnToolsVersion = 12.4;
					};
					E3560EC1261360FE00326B66 = {
						CreatedOnToolsVersion = 12.4;
						TestTargetID = E3560EA6261360FC00326B66;
					};
					E3560ECC261360FE00326B66 = {
						CreatedOnToolsVersion = 12.4;
						TestTargetID = E3560EA6261360FC00326B66;
					};
				};
			};
			buildConfigurationList = E3560EA2261360FC00326B66 /* Build configuration list for PBXProject "YHCustomView" */;
			compatibilityVersion = "Xcode 9.3";
			developmentRegion = en;
			hasScannedForEncodings = 0;
			knownRegions = (
				en,
				Base,
			);
			mainGroup = E3560E9E261360FC00326B66;
			productRefGroup = E3560EA8261360FC00326B66 /* Products */;
			projectDirPath = "";
			projectRoot = "";
			targets = (
				E3560EA6261360FC00326B66 /* YHCustomView */,
				E3560EC1261360FE00326B66 /* YHCustomViewTests */,
				E3560ECC261360FE00326B66 /* YHCustomViewUITests */,
			);
		};
/* End PBXProject section */

/* Begin PBXResourcesBuildPhase section */
		E3560EA5261360FC00326B66 /* Resources */ = {
			isa = PBXResourcesBuildPhase;
			buildActionMask = 2147483647;
			files = (
				E3560EBA261360FE00326B66 /* LaunchScreen.storyboard in Resources */,
				E3560EB7261360FE00326B66 /* Assets.xcassets in Resources */,
				E3560EB5261360FC00326B66 /* Main.storyboard in Resources */,
			);
			runOnlyForDeploymentPostprocessing = 0;
		};
		E3560EC0261360FE00326B66 /* Resources */ = {
			isa = PBXResourcesBuildPhase;
			buildActionMask = 2147483647;
			files = (
			);
			runOnlyForDeploymentPostprocessing = 0;
		};
		E3560ECB261360FE00326B66 /* Resources */ = {
			isa = PBXResourcesBuildPhase;
			buildActionMask = 2147483647;
			files = (
			);
			runOnlyForDeploymentPostprocessing = 0;
		};
/* End PBXResourcesBuildPhase section */

/* Begin PBXSourcesBuildPhase section */
		E3560EA3261360FC00326B66 /* Sources */ = {
			isa = PBXSourcesBuildPhase;
			buildActionMask = 2147483647;
			files = (
				E3560EB2261360FC00326B66 /* ViewController.m in Sources */,
				E3560EE82613616C00326B66 /* YHCustomView.m in Sources */,
				E3560EAC261360FC00326B66 /* AppDelegate.m in Sources */,
				E3560EBD261360FE00326B66 /* main.m in Sources */,
				E3560EAF261360FC00326B66 /* SceneDelegate.m in Sources */,
			);
			runOnlyForDeploymentPostprocessing = 0;
		};
		E3560EBE261360FE00326B66 /* Sources */ = {
			isa = PBXSourcesBuildPhase;
			buildActionMask = 2147483647;
			files = (
				E3560EC7261360FE00326B66 /* YHCustomViewTests.m in Sources */,
			);
			runOnlyForDeploymentPostprocessing = 0;
		};
		E3560EC9261360FE00326B66 /* Sources */ = {
			isa = PBXSourcesBuildPhase;
			buildActionMask = 2147483647;
			files = (
				E3560ED2261360FE00326B66 /* YHCustomViewUITests.m in Sources */,
			);
			runOnlyForDeploymentPostprocessing = 0;
		};
/* End PBXSourcesBuildPhase section */

/* Begin PBXTargetDependency section */
		E3560EC4261360FE00326B66 /* PBXTargetDependency */ = {
			isa = PBXTargetDependency;
			target = E3560EA6261360FC00326B66 /* YHCustomView */;
			targetProxy = E3560EC3261360FE00326B66 /* PBXContainerItemProxy */;
		};
		E3560ECF261360FE00326B66 /* PBXTargetDependency */ = {
			isa = PBXTargetDependency;
			target = E3560EA6261360FC00326B66 /* YHCustomView */;
			targetProxy = E3560ECE261360FE00326B66 /* PBXContainerItemProxy */;
		};
/* End PBXTargetDependency section */

/* Begin PBXVariantGroup section */
		E3560EB3261360FC00326B66 /* Main.storyboard */ = {
			isa = PBXVariantGroup;
			children = (
				E3560EB4261360FC00326B66 /* Base */,
			);
			name = Main.storyboard;
			sourceTree = "<group>";
		};
		E3560EB8261360FE00326B66 /* LaunchScreen.storyboard */ = {
			isa = PBXVariantGroup;
			children = (
				E3560EB9261360FE00326B66 /* Base */,
			);
			name = LaunchScreen.storyboard;
			sourceTree = "<group>";
		};
/* End PBXVariantGroup section */

/* Begin XCBuildConfiguration section */
		E3560ED4261360FE00326B66 /* Debug */ = {
			isa = XCBuildConfiguration;
			buildSettings = {
				ALWAYS_SEARCH_USER_PATHS = NO;
				CLANG_ANALYZER_NONNULL = YES;
				CLANG_ANALYZER_NUMBER_OBJECT_CONVERSION = YES_AGGRESSIVE;
				CLANG_CXX_LANGUAGE_STANDARD = "gnu++14";
				CLANG_CXX_LIBRARY = "libc++";
				CLANG_ENABLE_MODULES = YES;
				CLANG_ENABLE_OBJC_ARC = YES;
				CLANG_ENABLE_OBJC_WEAK = YES;
				CLANG_WARN_BLOCK_CAPTURE_AUTORELEASING = YES;
				CLANG_WARN_BOOL_CONVERSION = YES;
				CLANG_WARN_COMMA = YES;
				CLANG_WARN_CONSTANT_CONVERSION = YES;
				CLANG_WARN_DEPRECATED_OBJC_IMPLEMENTATIONS = YES;
				CLANG_WARN_DIRECT_OBJC_ISA_USAGE = YES_ERROR;
				CLANG_WARN_DOCUMENTATION_COMMENTS = YES;
				CLANG_WARN_EMPTY_BODY = YES;
				CLANG_WARN_ENUM_CONVERSION = YES;
				CLANG_WARN_INFINITE_RECURSION = YES;
				CLANG_WARN_INT_CONVERSION = YES;
				CLANG_WARN_NON_LITERAL_NULL_CONVERSION = YES;
				CLANG_WARN_OBJC_IMPLICIT_RETAIN_SELF = YES;
				CLANG_WARN_OBJC_LITERAL_CONVERSION = YES;
				CLANG_WARN_OBJC_ROOT_CLASS = YES_ERROR;
				CLANG_WARN_QUOTED_INCLUDE_IN_FRAMEWORK_HEADER = YES;
				CLANG_WARN_RANGE_LOOP_ANALYSIS = YES;
				CLANG_WARN_STRICT_PROTOTYPES = YES;
				CLANG_WARN_SUSPICIOUS_MOVE = YES;
				CLANG_WARN_UNGUARDED_AVAILABILITY = YES_AGGRESSIVE;
				CLANG_WARN_UNREACHABLE_CODE = YES;
				CLANG_WARN__DUPLICATE_METHOD_MATCH = YES;
				COPY_PHASE_STRIP = NO;
				DEBUG_INFORMATION_FORMAT = dwarf;
				ENABLE_STRICT_OBJC_MSGSEND = YES;
				ENABLE_TESTABILITY = YES;
				GCC_C_LANGUAGE_STANDARD = gnu11;
				GCC_DYNAMIC_NO_PIC = NO;
				GCC_NO_COMMON_BLOCKS = YES;
				GCC_OPTIMIZATION_LEVEL = 0;
				GCC_PREPROCESSOR_DEFINITIONS = (
					"DEBUG=1",
					"$(inherited)",
				);
				GCC_WARN_64_TO_32_BIT_CONVERSION = YES;
				GCC_WARN_ABOUT_RETURN_TYPE = YES_ERROR;
				GCC_WARN_UNDECLARED_SELECTOR = YES;
				GCC_WARN_UNINITIALIZED_AUTOS = YES_AGGRESSIVE;
				GCC_WARN_UNUSED_FUNCTION = YES;
				GCC_WARN_UNUSED_VARIABLE = YES;
				IPHONEOS_DEPLOYMENT_TARGET = 14.4;
				MTL_ENABLE_DEBUG_INFO = INCLUDE_SOURCE;
				MTL_FAST_MATH = YES;
				ONLY_ACTIVE_ARCH = YES;
				SDKROOT = iphoneos;
			};
			name = Debug;
		};
		E3560ED5261360FE00326B66 /* Release */ = {
			isa = XCBuildConfiguration;
			buildSettings = {
				ALWAYS_SEARCH_USER_PATHS = NO;
				CLANG_ANALYZER_NONNULL = YES;
				CLANG_ANALYZER_NUMBER_OBJECT_CONVERSION = YES_AGGRESSIVE;
				CLANG_CXX_LANGUAGE_STANDARD = "gnu++14";
				CLANG_CXX_LIBRARY = "libc++";
				CLANG_ENABLE_MODULES = YES;
				CLANG_ENABLE_OBJC_ARC = YES;
				CLANG_ENABLE_OBJC_WEAK = YES;
				CLANG_WARN_BLOCK_CAPTURE_AUTORELEASING = YES;
				CLANG_WARN_BOOL_CONVERSION = YES;
				CLANG_WARN_COMMA = YES;
				CLANG_WARN_CONSTANT_CONVERSION = YES;
				CLANG_WARN_DEPRECATED_OBJC_IMPLEMENTATIONS = YES;
				CLANG_WARN_DIRECT_OBJC_ISA_USAGE = YES_ERROR;
				CLANG_WARN_DOCUMENTATION_COMMENTS = YES;
				CLANG_WARN_EMPTY_BODY = YES;
				CLANG_WARN_ENUM_CONVERSION = YES;
				CLANG_WARN_INFINITE_RECURSION = YES;
				CLANG_WARN_INT_CONVERSION = YES;
				CLANG_WARN_NON_LITERAL_NULL_CONVERSION = YES;
				CLANG_WARN_OBJC_IMPLICIT_RETAIN_SELF = YES;
				CLANG_WARN_OBJC_LITERAL_CONVERSION = YES;
				CLANG_WARN_OBJC_ROOT_CLASS = YES_ERROR;
				CLANG_WARN_QUOTED_INCLUDE_IN_FRAMEWORK_HEADER = YES;
				CLANG_WARN_RANGE_LOOP_ANALYSIS = YES;
				CLANG_WARN_STRICT_PROTOTYPES = YES;
				CLANG_WARN_SUSPICIOUS_MOVE = YES;
				CLANG_WARN_UNGUARDED_AVAILABILITY = YES_AGGRESSIVE;
				CLANG_WARN_UNREACHABLE_CODE = YES;
				CLANG_WARN__DUPLICATE_METHOD_MATCH = YES;
				COPY_PHASE_STRIP = NO;
				DEBUG_INFORMATION_FORMAT = "dwarf-with-dsym";
				ENABLE_NS_ASSERTIONS = NO;
				ENABLE_STRICT_OBJC_MSGSEND = YES;
				GCC_C_LANGUAGE_STANDARD = gnu11;
				GCC_NO_COMMON_BLOCKS = YES;
				GCC_WARN_64_TO_32_BIT_CONVERSION = YES;
				GCC_WARN_ABOUT_RETURN_TYPE = YES_ERROR;
				GCC_WARN_UNDECLARED_SELECTOR = YES;
				GCC_WARN_UNINITIALIZED_AUTOS = YES_AGGRESSIVE;
				GCC_WARN_UNUSED_FUNCTION = YES;
				GCC_WARN_UNUSED_VARIABLE = YES;
				IPHONEOS_DEPLOYMENT_TARGET = 14.4;
				MTL_ENABLE_DEBUG_INFO = NO;
				MTL_FAST_MATH = YES;
				SDKROOT = iphoneos;
				VALIDATE_PRODUCT = YES;
			};
			name = Release;
		};
		E3560ED7261360FE00326B66 /* Debug */ = {
			isa = XCBuildConfiguration;
			buildSettings = {
				ASSETCATALOG_COMPILER_APPICON_NAME = AppIcon;
				ASSETCATALOG_COMPILER_GLOBAL_ACCENT_COLOR_NAME = AccentColor;
				CODE_SIGN_STYLE = Automatic;
				DEVELOPMENT_TEAM = UKWVP236T7;
				INFOPLIST_FILE = YHCustomViewExample/Info.plist;
				LD_RUNPATH_SEARCH_PATHS = (
					"$(inherited)",
					"@executable_path/Frameworks",
				);
				PRODUCT_BUNDLE_IDENTIFIER = com.maiduidui.ocDemo.YHCustomView;
				PRODUCT_NAME = "$(TARGET_NAME)";
				TARGETED_DEVICE_FAMILY = "1,2";
			};
			name = Debug;
		};
		E3560ED8261360FE00326B66 /* Release */ = {
			isa = XCBuildConfiguration;
			buildSettings = {
				ASSETCATALOG_COMPILER_APPICON_NAME = AppIcon;
				ASSETCATALOG_COMPILER_GLOBAL_ACCENT_COLOR_NAME = AccentColor;
				CODE_SIGN_STYLE = Automatic;
				DEVELOPMENT_TEAM = UKWVP236T7;
				INFOPLIST_FILE = YHCustomViewExample/Info.plist;
				LD_RUNPATH_SEARCH_PATHS = (
					"$(inherited)",
					"@executable_path/Frameworks",
				);
				PRODUCT_BUNDLE_IDENTIFIER = com.maiduidui.ocDemo.YHCustomView;
				PRODUCT_NAME = "$(TARGET_NAME)";
				TARGETED_DEVICE_FAMILY = "1,2";
			};
			name = Release;
		};
		E3560EDA261360FE00326B66 /* Debug */ = {
			isa = XCBuildConfiguration;
			buildSettings = {
				BUNDLE_LOADER = "$(TEST_HOST)";
				CODE_SIGN_STYLE = Automatic;
				DEVELOPMENT_TEAM = UKWVP236T7;
				INFOPLIST_FILE = YHCustomViewTests/Info.plist;
				IPHONEOS_DEPLOYMENT_TARGET = 14.4;
				LD_RUNPATH_SEARCH_PATHS = (
					"$(inherited)",
					"@executable_path/Frameworks",
					"@loader_path/Frameworks",
				);
				PRODUCT_BUNDLE_IDENTIFIER = com.maiduidui.ocDemo.YHCustomViewTests;
				PRODUCT_NAME = "$(TARGET_NAME)";
				TARGETED_DEVICE_FAMILY = "1,2";
				TEST_HOST = "$(BUILT_PRODUCTS_DIR)/YHCustomView.app/YHCustomView";
			};
			name = Debug;
		};
		E3560EDB261360FE00326B66 /* Release */ = {
			isa = XCBuildConfiguration;
			buildSettings = {
				BUNDLE_LOADER = "$(TEST_HOST)";
				CODE_SIGN_STYLE = Automatic;
				DEVELOPMENT_TEAM = UKWVP236T7;
				INFOPLIST_FILE = YHCustomViewTests/Info.plist;
				IPHONEOS_DEPLOYMENT_TARGET = 14.4;
				LD_RUNPATH_SEARCH_PATHS = (
					"$(inherited)",
					"@executable_path/Frameworks",
					"@loader_path/Frameworks",
				);
				PRODUCT_BUNDLE_IDENTIFIER = com.maiduidui.ocDemo.YHCustomViewTests;
				PRODUCT_NAME = "$(TARGET_NAME)";
				TARGETED_DEVICE_FAMILY = "1,2";
				TEST_HOST = "$(BUILT_PRODUCTS_DIR)/YHCustomView.app/YHCustomView";
			};
			name = Release;
		};
		E3560EDD261360FE00326B66 /* Debug */ = {
			isa = XCBuildConfiguration;
			buildSettings = {
				CODE_SIGN_STYLE = Automatic;
				DEVELOPMENT_TEAM = UKWVP236T7;
				INFOPLIST_FILE = YHCustomViewUITests/Info.plist;
				LD_RUNPATH_SEARCH_PATHS = (
					"$(inherited)",
					"@executable_path/Frameworks",
					"@loader_path/Frameworks",
				);
				PRODUCT_BUNDLE_IDENTIFIER = com.maiduidui.ocDemo.YHCustomViewUITests;
				PRODUCT_NAME = "$(TARGET_NAME)";
				TARGETED_DEVICE_FAMILY = "1,2";
				TEST_TARGET_NAME = YHCustomView;
			};
			name = Debug;
		};
		E3560EDE261360FE00326B66 /* Release */ = {
			isa = XCBuildConfiguration;
			buildSettings = {
				CODE_SIGN_STYLE = Automatic;
				DEVELOPMENT_TEAM = UKWVP236T7;
				INFOPLIST_FILE = YHCustomViewUITests/Info.plist;
				LD_RUNPATH_SEARCH_PATHS = (
					"$(inherited)",
					"@executable_path/Frameworks",
					"@loader_path/Frameworks",
				);
				PRODUCT_BUNDLE_IDENTIFIER = com.maiduidui.ocDemo.YHCustomViewUITests;
				PRODUCT_NAME = "$(TARGET_NAME)";
				TARGETED_DEVICE_FAMILY = "1,2";
				TEST_TARGET_NAME = YHCustomView;
			};
			name = Release;
		};
/* End XCBuildConfiguration section */

/* Begin XCConfigurationList section */
		E3560EA2261360FC00326B66 /* Build configuration list for PBXProject "YHCustomView" */ = {
			isa = XCConfigurationList;
			buildConfigurations = (
				E3560ED4261360FE00326B66 /* Debug */,
				E3560ED5261360FE00326B66 /* Release */,
			);
			defaultConfigurationIsVisible = 0;
			defaultConfigurationName = Release;
		};
		E3560ED6261360FE00326B66 /* Build configuration list for PBXNativeTarget "YHCustomView" */ = {
			isa = XCConfigurationList;
			buildConfigurations = (
				E3560ED7261360FE00326B66 /* Debug */,
				E3560ED8261360FE00326B66 /* Release */,
			);
			defaultConfigurationIsVisible = 0;
			defaultConfigurationName = Release;
		};
		E3560ED9261360FE00326B66 /* Build configuration list for PBXNativeTarget "YHCustomViewTests" */ = {
			isa = XCConfigurationList;
			buildConfigurations = (
				E3560EDA261360FE00326B66 /* Debug */,
				E3560EDB261360FE00326B66 /* Release */,
			);
			defaultConfigurationIsVisible = 0;
			defaultConfigurationName = Release;
		};
		E3560EDC261360FE00326B66 /* Build configuration list for PBXNativeTarget "YHCustomViewUITests" */ = {
			isa = XCConfigurationList;
			buildConfigurations = (
				E3560EDD261360FE00326B66 /* Debug */,
				E3560EDE261360FE00326B66 /* Release */,
			);
			defaultConfigurationIsVisible = 0;
			defaultConfigurationName = Release;
		};
/* End XCConfigurationList section */
	};
	rootObject = E3560E9F261360FC00326B66 /* Project object */;
}
